
Microsoft Visual Studio Solution File, Format Version 12.00
# Visual Studio 14
VisualStudioVersion = 14.0.25420.1
MinimumVisualStudioVersion = 10.0.40219.1
Project("{F2A71F9B-5D33-465A-A702-920D77279786}") = "HelloFSharp", "HelloFSharp\HelloFSharp.fsproj", "{D3B9F883-E88F-4EB6-B09A-89A910207C08}"
EndProject
Project("{F2A71F9B-5D33-465A-A702-920D77279786}") = "NokiaComposer", "NokiaComposer\NokiaComposer.fsproj", "{A22B6996-E4ED-4AED-B562-8BCBA8955DCE}"
EndProject
Project("{F2A71F9B-5D33-465A-A702-920D77279786}") = "NokiaComposer.Tests", "NokiaComposer.Tests\NokiaComposer.Tests.fsproj", "{2C57D48E-787A-4BDB-B273-0E5099CB534C}"
EndProject
Project("{F2A71F9B-5D33-465A-A702-920D77279786}") = "FSharpHl7Parser", "FSharpHl7Parser\FSharpHl7Parser.fsproj", "{586F94F7-42BE-4BD4-8D0D-F581DA65E9C6}"
EndProject
Project("{F2A71F9B-5D33-465A-A702-920D77279786}") = "HelloSuave", "HelloSuave\HelloSuave.fsproj", "{5EAC3002-93A7-4BB0-9ABE-AFA159D4B1F2}"
EndProject
Project("{F2A71F9B-5D33-465A-A702-920D77279786}") = "NokiaComposerUi", "NokiaComposerUi\NokiaComposerUi.fsproj", "{64AA859C-2856-4876-AB09-BD058D1EA2DD}"
EndProject
Project("{F2A71F9B-5D33-465A-A702-920D77279786}") = "TypeProviderTutorial", "TypeProviderTutorial\TypeProviderTutorial.fsproj", "{711B16A6-D7F1-47E2-BFE1-562F8095DDDB}"
EndProject
Project("{FAE04EC0-301F-11D3-BF4B-00C04F79EFBC}") = "FSharpHl7Parser.Tests", "FSharpHl7Parser.Tests\FSharpHl7Parser.Tests.csproj", "{986594BA-30D9-4F62-BA88-63C1CAE3F2E3}"
EndProject
Project("{F2A71F9B-5D33-465A-A702-920D77279786}") = "Hl7Parser.Tests", "Hl7Parser.Tests\Hl7Parser.Tests.fsproj", "{B81F98B3-EB27-4B13-A324-958AC9F79864}"
EndProject
Global
	GlobalSection(SolutionConfigurationPlatforms) = preSolution
		Debug|Any CPU = Debug|Any CPU
		Release|Any CPU = Release|Any CPU
	EndGlobalSection
	GlobalSection(ProjectConfigurationPlatforms) = postSolution
		{D3B9F883-E88F-4EB6-B09A-89A910207C08}.Debug|Any CPU.ActiveCfg = Debug|Any CPU
		{D3B9F883-E88F-4EB6-B09A-89A910207C08}.Debug|Any CPU.Build.0 = Debug|Any CPU
		{D3B9F883-E88F-4EB6-B09A-89A910207C08}.Release|Any CPU.ActiveCfg = Release|Any CPU
		{D3B9F883-E88F-4EB6-B09A-89A910207C08}.Release|Any CPU.Build.0 = Release|Any CPU
		{A22B6996-E4ED-4AED-B562-8BCBA8955DCE}.Debug|Any CPU.ActiveCfg = Debug|Any CPU
		{A22B6996-E4ED-4AED-B562-8BCBA8955DCE}.Debug|Any CPU.Build.0 = Debug|Any CPU
		{A22B6996-E4ED-4AED-B562-8BCBA8955DCE}.Release|Any CPU.ActiveCfg = Release|Any CPU
		{A22B6996-E4ED-4AED-B562-8BCBA8955DCE}.Release|Any CPU.Build.0 = Release|Any CPU
		{2C57D48E-787A-4BDB-B273-0E5099CB534C}.Debug|Any CPU.ActiveCfg = Debug|Any CPU
		{2C57D48E-787A-4BDB-B273-0E5099CB534C}.Debug|Any CPU.Build.0 = Debug|Any CPU
		{2C57D48E-787A-4BDB-B273-0E5099CB534C}.Release|Any CPU.ActiveCfg = Release|Any CPU
		{2C57D48E-787A-4BDB-B273-0E5099CB534C}.Release|Any CPU.Build.0 = Release|Any CPU
		{586F94F7-42BE-4BD4-8D0D-F581DA65E9C6}.Debug|Any CPU.ActiveCfg = Debug|Any CPU
		{586F94F7-42BE-4BD4-8D0D-F581DA65E9C6}.Debug|Any CPU.Build.0 = Debug|Any CPU
		{586F94F7-42BE-4BD4-8D0D-F581DA65E9C6}.Release|Any CPU.ActiveCfg = Release|Any CPU
		{586F94F7-42BE-4BD4-8D0D-F581DA65E9C6}.Release|Any CPU.Build.0 = Release|Any CPU
		{5EAC3002-93A7-4BB0-9ABE-AFA159D4B1F2}.Debug|Any CPU.ActiveCfg = Debug|Any CPU
		{5EAC3002-93A7-4BB0-9ABE-AFA159D4B1F2}.Debug|Any CPU.Build.0 = Debug|Any CPU
		{5EAC3002-93A7-4BB0-9ABE-AFA159D4B1F2}.Release|Any CPU.ActiveCfg = Release|Any CPU
		{5EAC3002-93A7-4BB0-9ABE-AFA159D4B1F2}.Release|Any CPU.Build.0 = Release|Any CPU
		{64AA859C-2856-4876-AB09-BD058D1EA2DD}.Debug|Any CPU.ActiveCfg = Debug|Any CPU
		{64AA859C-2856-4876-AB09-BD058D1EA2DD}.Debug|Any CPU.Build.0 = Debug|Any CPU
		{64AA859C-2856-4876-AB09-BD058D1EA2DD}.Release|Any CPU.ActiveCfg = Release|Any CPU
		{64AA859C-2856-4876-AB09-BD058D1EA2DD}.Release|Any CPU.Build.0 = Release|Any CPU
		{711B16A6-D7F1-47E2-BFE1-562F8095DDDB}.Debug|Any CPU.ActiveCfg = Debug|Any CPU
		{711B16A6-D7F1-47E2-BFE1-562F8095DDDB}.Debug|Any CPU.Build.0 = Debug|Any CPU
		{711B16A6-D7F1-47E2-BFE1-562F8095DDDB}.Release|Any CPU.ActiveCfg = Release|Any CPU
		{711B16A6-D7F1-47E2-BFE1-562F8095DDDB}.Release|Any CPU.Build.0 = Release|Any CPU
		{986594BA-30D9-4F62-BA88-63C1CAE3F2E3}.Debug|Any CPU.ActiveCfg = Debug|Any CPU
		{986594BA-30D9-4F62-BA88-63C1CAE3F2E3}.Debug|Any CPU.Build.0 = Debug|Any CPU
		{986594BA-30D9-4F62-BA88-63C1CAE3F2E3}.Release|Any CPU.ActiveCfg = Release|Any CPU
		{986594BA-30D9-4F62-BA88-63C1CAE3F2E3}.Release|Any CPU.Build.0 = Release|Any CPU
		{B81F98B3-EB27-4B13-A324-958AC9F79864}.Debug|Any CPU.ActiveCfg = Debug|Any CPU
		{B81F98B3-EB27-4B13-A324-958AC9F79864}.Debug|Any CPU.Build.0 = Debug|Any CPU
		{B81F98B3-EB27-4B13-A324-958AC9F79864}.Release|Any CPU.ActiveCfg = Release|Any CPU
		{B81F98B3-EB27-4B13-A324-958AC9F79864}.Release|Any CPU.Build.0 = Release|Any CPU
	EndGlobalSection
	GlobalSection(SolutionProperties) = preSolution
		HideSolutionNode = FALSE
	EndGlobalSection
EndGlobal
